
Microsoft Visual Studio Solution File, Format Version 12.00
# Visual Studio Version 16
VisualStudioVersion = 16.0.29709.97
MinimumVisualStudioVersion = 10.0.40219.1
Project("{FAE04EC0-301F-11D3-BF4B-00C04F79EFBC}") = "TyAP", "TyAP\TyAP.csproj", "{FC86FF66-B8B2-4E55-8272-F965199E1B3A}"
EndProject
Global
	GlobalSection(SolutionConfigurationPlatforms) = preSolution
		Debug|Any CPU = Debug|Any CPU
		Release|Any CPU = Release|Any CPU
	EndGlobalSection
	GlobalSection(ProjectConfigurationPlatforms) = postSolution
		{FC86FF66-B8B2-4E55-8272-F965199E1B3A}.Debug|Any CPU.ActiveCfg = Debug|Any CPU
		{FC86FF66-B8B2-4E55-8272-F965199E1B3A}.Debug|Any CPU.Build.0 = Debug|Any CPU
		{FC86FF66-B8B2-4E55-8272-F965199E1B3A}.Release|Any CPU.ActiveCfg = Release|Any CPU
		{FC86FF66-B8B2-4E55-8272-F965199E1B3A}.Release|Any CPU.Build.0 = Release|Any CPU
	EndGlobalSection
	GlobalSection(SolutionProperties) = preSolution
		HideSolutionNode = FALSE
	EndGlobalSection
	GlobalSection(ExtensibilityGlobals) = postSolution
		SolutionGuid = {0677903A-A486-4FA8-92A7-F8B70E4A1525}
	EndGlobalSection
EndGlobal
